
Microsoft Visual Studio Solution File, Format Version 12.00
# Visual Studio 15
VisualStudioVersion = 15.0.28307.1000
MinimumVisualStudioVersion = 10.0.40219.1
Project("{FAE04EC0-301F-11D3-BF4B-00C04F79EFBC}") = "BindsManager", "BindsManager\BindsManager.csproj", "{86CB3EDE-6474-40A9-9BD1-93FA6BAEDAB1}"
EndProject
Global
	GlobalSection(SolutionConfigurationPlatforms) = preSolution
		Debug|Any CPU = Debug|Any CPU
		Release|Any CPU = Release|Any CPU
	EndGlobalSection
	GlobalSection(ProjectConfigurationPlatforms) = postSolution
		{86CB3EDE-6474-40A9-9BD1-93FA6BAEDAB1}.Debug|Any CPU.ActiveCfg = Debug|Any CPU
		{86CB3EDE-6474-40A9-9BD1-93FA6BAEDAB1}.Debug|Any CPU.Build.0 = Debug|Any CPU
		{86CB3EDE-6474-40A9-9BD1-93FA6BAEDAB1}.Release|Any CPU.ActiveCfg = Release|Any CPU
		{86CB3EDE-6474-40A9-9BD1-93FA6BAEDAB1}.Release|Any CPU.Build.0 = Release|Any CPU
	EndGlobalSection
	GlobalSection(SolutionProperties) = preSolution
		HideSolutionNode = FALSE
	EndGlobalSection
	GlobalSection(ExtensibilityGlobals) = postSolution
		SolutionGuid = {D6088A43-91C0-480D-A6CA-C268BA7112E3}
	EndGlobalSection
EndGlobal
